{
  "name": "react-native-i18n",
  "version": "2.0.11",
  "lockfileVersion": 3,
  "requires": true,
  "packages": {
    "": {
      "name": "react-native-i18n",
      "version": "2.0.11",
      "license": "MIT",
      "dependencies": {
        "i18n-js": "^3.0.3"
      }
    },
    "node_modules/i18n-js": {
      "version": "3.9.2",
      "resolved": "https://registry.npmjs.org/i18n-js/-/i18n-js-3.9.2.tgz",
      "integrity": "sha512-+Gm8h5HL0emzKhRx2avMKX+nKiVPXeaOZm7Euf2/pbbFcLQoJ3zZYiUykAzoRasijCoWos2Kl1tslmScTgAQKw==",
      "license": "MIT"
    }
  }
}
